// !$*UTF8*$!
{
	archiveVersion = 1;
	classes = {
	};
	objectVersion = 51;
	objects = {

/* Begin PBXBuildFile section */
		2459034525E941E300FAC32B /* MovieDetailsViewController.swift in Sources */ = {isa = PBXBuildFile; fileRef = 2459034425E941E300FAC32B /* MovieDetailsViewController.swift */; };
		2459034A25E9A3E200FAC32B /* MovieGridViewController.swift in Sources */ = {isa = PBXBuildFile; fileRef = 2459034925E9A3E200FAC32B /* MovieGridViewController.swift */; };
		2459034F25E9A82800FAC32B /* MovieGridCell.swift in Sources */ = {isa = PBXBuildFile; fileRef = 2459034E25E9A82800FAC32B /* MovieGridCell.swift */; };
		2464CA4925DEB60D001F4C85 /* AppDelegate.swift in Sources */ = {isa = PBXBuildFile; fileRef = 2464CA4825DEB60D001F4C85 /* AppDelegate.swift */; };
		2464CA4B25DEB60D001F4C85 /* SceneDelegate.swift in Sources */ = {isa = PBXBuildFile; fileRef = 2464CA4A25DEB60D001F4C85 /* SceneDelegate.swift */; };
		2464CA5025DEB60D001F4C85 /* Main.storyboard in Resources */ = {isa = PBXBuildFile; fileRef = 2464CA4E25DEB60D001F4C85 /* Main.storyboard */; };
		2464CA5225DEB60F001F4C85 /* Assets.xcassets in Resources */ = {isa = PBXBuildFile; fileRef = 2464CA5125DEB60F001F4C85 /* Assets.xcassets */; };
		2464CA5525DEB60F001F4C85 /* LaunchScreen.storyboard in Resources */ = {isa = PBXBuildFile; fileRef = 2464CA5325DEB60F001F4C85 /* LaunchScreen.storyboard */; };
		2464CA6025DEB60F001F4C85 /* FlixsterTests.swift in Sources */ = {isa = PBXBuildFile; fileRef = 2464CA5F25DEB60F001F4C85 /* FlixsterTests.swift */; };
		2464CA6B25DEB60F001F4C85 /* FlixsterUITests.swift in Sources */ = {isa = PBXBuildFile; fileRef = 2464CA6A25DEB60F001F4C85 /* FlixsterUITests.swift */; };
		2464CA7F25DEB981001F4C85 /* MoviesViewController.swift in Sources */ = {isa = PBXBuildFile; fileRef = 2464CA7E25DEB981001F4C85 /* MoviesViewController.swift */; };
		2464CA8425DF4ED7001F4C85 /* MovieCell.swift in Sources */ = {isa = PBXBuildFile; fileRef = 2464CA8325DF4ED7001F4C85 /* MovieCell.swift */; };
		3D17366F3B7AB84677D61F0F /* Pods_FlixsterTests.framework in Frameworks */ = {isa = PBXBuildFile; fileRef = B92EA1161372A1A9DCBB200C /* Pods_FlixsterTests.framework */; };
		48A4AA6AF32848BA1EDA6B97 /* Pods_Flixster.framework in Frameworks */ = {isa = PBXBuildFile; fileRef = 77E4905FD5B92DC105DAC892 /* Pods_Flixster.framework */; };
		8CFEC361CD9D379C42B93229 /* Pods_Flixster_FlixsterUITests.framework in Frameworks */ = {isa = PBXBuildFile; fileRef = 56B4ED12A625234C19F0CFC1 /* Pods_Flixster_FlixsterUITests.framework */; };
/* End PBXBuildFile section */

/* Begin PBXContainerItemProxy section */
		2464CA5C25DEB60F001F4C85 /* PBXContainerItemProxy */ = {
			isa = PBXContainerItemProxy;
			containerPortal = 2464CA3D25DEB60C001F4C85 /* Project object */;
			proxyType = 1;
			remoteGlobalIDString = 2464CA4425DEB60C001F4C85;
			remoteInfo = Flixster;
		};
		2464CA6725DEB60F001F4C85 /* PBXContainerItemProxy */ = {
			isa = PBXContainerItemProxy;
			containerPortal = 2464CA3D25DEB60C001F4C85 /* Project object */;
			proxyType = 1;
			remoteGlobalIDString = 2464CA4425DEB60C001F4C85;
			remoteInfo = Flixster;
		};
/* End PBXContainerItemProxy section */

/* Begin PBXFileReference section */
		184D37917C46F644FAD91C46 /* Pods-Flixster-FlixsterUITests.debug.xcconfig */ = {isa = PBXFileReference; includeInIndex = 1; lastKnownFileType = text.xcconfig; name = "Pods-Flixster-FlixsterUITests.debug.xcconfig"; path = "Target Support Files/Pods-Flixster-FlixsterUITests/Pods-Flixster-FlixsterUITests.debug.xcconfig"; sourceTree = "<group>"; };
		2459034425E941E300FAC32B /* MovieDetailsViewController.swift */ = {isa = PBXFileReference; lastKnownFileType = sourcecode.swift; path = MovieDetailsViewController.swift; sourceTree = "<group>"; };
		2459034925E9A3E200FAC32B /* MovieGridViewController.swift */ = {isa = PBXFileReference; lastKnownFileType = sourcecode.swift; path = MovieGridViewController.swift; sourceTree = "<group>"; };
		2459034E25E9A82800FAC32B /* MovieGridCell.swift */ = {isa = PBXFileReference; lastKnownFileType = sourcecode.swift; path = MovieGridCell.swift; sourceTree = "<group>"; };
		2464CA4525DEB60D001F4C85 /* Flixster.app */ = {isa = PBXFileReference; explicitFileType = wrapper.application; includeInIndex = 0; path = Flixster.app; sourceTree = BUILT_PRODUCTS_DIR; };
		2464CA4825DEB60D001F4C85 /* AppDelegate.swift */ = {isa = PBXFileReference; lastKnownFileType = sourcecode.swift; path = AppDelegate.swift; sourceTree = "<group>"; };
		2464CA4A25DEB60D001F4C85 /* SceneDelegate.swift */ = {isa = PBXFileReference; lastKnownFileType = sourcecode.swift; path = SceneDelegate.swift; sourceTree = "<group>"; };
		2464CA4F25DEB60D001F4C85 /* Base */ = {isa = PBXFileReference; lastKnownFileType = file.storyboard; name = Base; path = Base.lproj/Main.storyboard; sourceTree = "<group>"; };
		2464CA5125DEB60F001F4C85 /* Assets.xcassets */ = {isa = PBXFileReference; lastKnownFileType = folder.assetcatalog; path = Assets.xcassets; sourceTree = "<group>"; };
		2464CA5425DEB60F001F4C85 /* Base */ = {isa = PBXFileReference; lastKnownFileType = file.storyboard; name = Base; path = Base.lproj/LaunchScreen.storyboard; sourceTree = "<group>"; };
		2464CA5625DEB60F001F4C85 /* Info.plist */ = {isa = PBXFileReference; lastKnownFileType = text.plist.xml; path = Info.plist; sourceTree = "<group>"; };
		2464CA5B25DEB60F001F4C85 /* FlixsterTests.xctest */ = {isa = PBXFileReference; explicitFileType = wrapper.cfbundle; includeInIndex = 0; path = FlixsterTests.xctest; sourceTree = BUILT_PRODUCTS_DIR; };
		2464CA5F25DEB60F001F4C85 /* FlixsterTests.swift */ = {isa = PBXFileReference; lastKnownFileType = sourcecode.swift; path = FlixsterTests.swift; sourceTree = "<group>"; };
		2464CA6125DEB60F001F4C85 /* Info.plist */ = {isa = PBXFileReference; lastKnownFileType = text.plist.xml; path = Info.plist; sourceTree = "<group>"; };
		2464CA6625DEB60F001F4C85 /* FlixsterUITests.xctest */ = {isa = PBXFileReference; explicitFileType = wrapper.cfbundle; includeInIndex = 0; path = FlixsterUITests.xctest; sourceTree = BUILT_PRODUCTS_DIR; };
		2464CA6A25DEB60F001F4C85 /* FlixsterUITests.swift */ = {isa = PBXFileReference; lastKnownFileType = sourcecode.swift; path = FlixsterUITests.swift; sourceTree = "<group>"; };
		2464CA6C25DEB60F001F4C85 /* Info.plist */ = {isa = PBXFileReference; lastKnownFileType = text.plist.xml; path = Info.plist; sourceTree = "<group>"; };
		2464CA7E25DEB981001F4C85 /* MoviesViewController.swift */ = {isa = PBXFileReference; lastKnownFileType = sourcecode.swift; path = MoviesViewController.swift; sourceTree = "<group>"; };
		2464CA8325DF4ED7001F4C85 /* MovieCell.swift */ = {isa = PBXFileReference; lastKnownFileType = sourcecode.swift; path = MovieCell.swift; sourceTree = "<group>"; };
		2B636A820B27044CA80FEB91 /* Pods-FlixsterTests.release.xcconfig */ = {isa = PBXFileReference; includeInIndex = 1; lastKnownFileType = text.xcconfig; name = "Pods-FlixsterTests.release.xcconfig"; path = "Target Support Files/Pods-FlixsterTests/Pods-FlixsterTests.release.xcconfig"; sourceTree = "<group>"; };
		44B2DD3A1083AE9A30B89C4E /* Pods-Flixster.release.xcconfig */ = {isa = PBXFileReference; includeInIndex = 1; lastKnownFileType = text.xcconfig; name = "Pods-Flixster.release.xcconfig"; path = "Target Support Files/Pods-Flixster/Pods-Flixster.release.xcconfig"; sourceTree = "<group>"; };
		4A227874827E90C2F2463BC7 /* Pods-Flixster-FlixsterUITests.release.xcconfig */ = {isa = PBXFileReference; includeInIndex = 1; lastKnownFileType = text.xcconfig; name = "Pods-Flixster-FlixsterUITests.release.xcconfig"; path = "Target Support Files/Pods-Flixster-FlixsterUITests/Pods-Flixster-FlixsterUITests.release.xcconfig"; sourceTree = "<group>"; };
		56B4ED12A625234C19F0CFC1 /* Pods_Flixster_FlixsterUITests.framework */ = {isa = PBXFileReference; explicitFileType = wrapper.framework; includeInIndex = 0; path = Pods_Flixster_FlixsterUITests.framework; sourceTree = BUILT_PRODUCTS_DIR; };
		77E4905FD5B92DC105DAC892 /* Pods_Flixster.framework */ = {isa = PBXFileReference; explicitFileType = wrapper.framework; includeInIndex = 0; path = Pods_Flixster.framework; sourceTree = BUILT_PRODUCTS_DIR; };
		804CD074510C7D49A1C4188F /* Pods-FlixsterTests.debug.xcconfig */ = {isa = PBXFileReference; includeInIndex = 1; lastKnownFileType = text.xcconfig; name = "Pods-FlixsterTests.debug.xcconfig"; path = "Target Support Files/Pods-FlixsterTests/Pods-FlixsterTests.debug.xcconfig"; sourceTree = "<group>"; };
		B92EA1161372A1A9DCBB200C /* Pods_FlixsterTests.framework */ = {isa = PBXFileReference; explicitFileType = wrapper.framework; includeInIndex = 0; path = Pods_FlixsterTests.framework; sourceTree = BUILT_PRODUCTS_DIR; };
		C3AE91DC445C06944917867A /* Pods-Flixster.debug.xcconfig */ = {isa = PBXFileReference; includeInIndex = 1; lastKnownFileType = text.xcconfig; name = "Pods-Flixster.debug.xcconfig"; path = "Target Support Files/Pods-Flixster/Pods-Flixster.debug.xcconfig"; sourceTree = "<group>"; };
/* End PBXFileReference section */

/* Begin PBXFrameworksBuildPhase section */
		2464CA4225DEB60C001F4C85 /* Frameworks */ = {
			isa = PBXFrameworksBuildPhase;
			buildActionMask = 2147483647;
			files = (
				48A4AA6AF32848BA1EDA6B97 /* Pods_Flixster.framework in Frameworks */,
			);
			runOnlyForDeploymentPostprocessing = 0;
		};
		2464CA5825DEB60F001F4C85 /* Frameworks */ = {
			isa = PBXFrameworksBuildPhase;
			buildActionMask = 2147483647;
			files = (
				3D17366F3B7AB84677D61F0F /* Pods_FlixsterTests.framework in Frameworks */,
			);
			runOnlyForDeploymentPostprocessing = 0;
		};
		2464CA6325DEB60F001F4C85 /* Frameworks */ = {
			isa = PBXFrameworksBuildPhase;
			buildActionMask = 2147483647;
			files = (
				8CFEC361CD9D379C42B93229 /* Pods_Flixster_FlixsterUITests.framework in Frameworks */,
			);
			runOnlyForDeploymentPostprocessing = 0;
		};
/* End PBXFrameworksBuildPhase section */

/* Begin PBXGroup section */
		2464CA3C25DEB60C001F4C85 = {
			isa = PBXGroup;
			children = (
				2464CA4725DEB60D001F4C85 /* Flixster */,
				2464CA5E25DEB60F001F4C85 /* FlixsterTests */,
				2464CA6925DEB60F001F4C85 /* FlixsterUITests */,
				2464CA4625DEB60D001F4C85 /* Products */,
				6C5396167A816DE48B62E322 /* Pods */,
				CE60376556071AE2098DB19F /* Frameworks */,
			);
			sourceTree = "<group>";
		};
		2464CA4625DEB60D001F4C85 /* Products */ = {
			isa = PBXGroup;
			children = (
				2464CA4525DEB60D001F4C85 /* Flixster.app */,
				2464CA5B25DEB60F001F4C85 /* FlixsterTests.xctest */,
				2464CA6625DEB60F001F4C85 /* FlixsterUITests.xctest */,
			);
			name = Products;
			sourceTree = "<group>";
		};
		2464CA4725DEB60D001F4C85 /* Flixster */ = {
			isa = PBXGroup;
			children = (
				2464CA4825DEB60D001F4C85 /* AppDelegate.swift */,
				2464CA4A25DEB60D001F4C85 /* SceneDelegate.swift */,
				2464CA4E25DEB60D001F4C85 /* Main.storyboard */,
				2464CA8325DF4ED7001F4C85 /* MovieCell.swift */,
				2464CA7E25DEB981001F4C85 /* MoviesViewController.swift */,
				2464CA5125DEB60F001F4C85 /* Assets.xcassets */,
				2464CA5325DEB60F001F4C85 /* LaunchScreen.storyboard */,
				2464CA5625DEB60F001F4C85 /* Info.plist */,
				2459034425E941E300FAC32B /* MovieDetailsViewController.swift */,
				2459034925E9A3E200FAC32B /* MovieGridViewController.swift */,
				2459034E25E9A82800FAC32B /* MovieGridCell.swift */,
			);
			path = Flixster;
			sourceTree = "<group>";
		};
		2464CA5E25DEB60F001F4C85 /* FlixsterTests */ = {
			isa = PBXGroup;
			children = (
				2464CA5F25DEB60F001F4C85 /* FlixsterTests.swift */,
				2464CA6125DEB60F001F4C85 /* Info.plist */,
			);
			path = FlixsterTests;
			sourceTree = "<group>";
		};
		2464CA6925DEB60F001F4C85 /* FlixsterUITests */ = {
			isa = PBXGroup;
			children = (
				2464CA6A25DEB60F001F4C85 /* FlixsterUITests.swift */,
				2464CA6C25DEB60F001F4C85 /* Info.plist */,
			);
			path = FlixsterUITests;
			sourceTree = "<group>";
		};
		6C5396167A816DE48B62E322 /* Pods */ = {
			isa = PBXGroup;
			children = (
				C3AE91DC445C06944917867A /* Pods-Flixster.debug.xcconfig */,
				44B2DD3A1083AE9A30B89C4E /* Pods-Flixster.release.xcconfig */,
				184D37917C46F644FAD91C46 /* Pods-Flixster-FlixsterUITests.debug.xcconfig */,
				4A227874827E90C2F2463BC7 /* Pods-Flixster-FlixsterUITests.release.xcconfig */,
				804CD074510C7D49A1C4188F /* Pods-FlixsterTests.debug.xcconfig */,
				2B636A820B27044CA80FEB91 /* Pods-FlixsterTests.release.xcconfig */,
			);
			path = Pods;
			sourceTree = "<group>";
		};
		CE60376556071AE2098DB19F /* Frameworks */ = {
			isa = PBXGroup;
			children = (
				77E4905FD5B92DC105DAC892 /* Pods_Flixster.framework */,
				56B4ED12A625234C19F0CFC1 /* Pods_Flixster_FlixsterUITests.framework */,
				B92EA1161372A1A9DCBB200C /* Pods_FlixsterTests.framework */,
			);
			name = Frameworks;
			sourceTree = "<group>";
		};
/* End PBXGroup section */

/* Begin PBXNativeTarget section */
		2464CA4425DEB60C001F4C85 /* Flixster */ = {
			isa = PBXNativeTarget;
			buildConfigurationList = 2464CA6F25DEB60F001F4C85 /* Build configuration list for PBXNativeTarget "Flixster" */;
			buildPhases = (
				27216399CA966763A337F278 /* [CP] Check Pods Manifest.lock */,
				2464CA4125DEB60C001F4C85 /* Sources */,
				2464CA4225DEB60C001F4C85 /* Frameworks */,
				2464CA4325DEB60C001F4C85 /* Resources */,
				B557A754830850D82314EE9D /* [CP] Embed Pods Frameworks */,
			);
			buildRules = (
			);
			dependencies = (
			);
			name = Flixster;
			productName = Flixster;
			productReference = 2464CA4525DEB60D001F4C85 /* Flixster.app */;
			productType = "com.apple.product-type.application";
		};
		2464CA5A25DEB60F001F4C85 /* FlixsterTests */ = {
			isa = PBXNativeTarget;
			buildConfigurationList = 2464CA7225DEB60F001F4C85 /* Build configuration list for PBXNativeTarget "FlixsterTests" */;
			buildPhases = (
				699DC965C68BA57525E38A20 /* [CP] Check Pods Manifest.lock */,
				2464CA5725DEB60F001F4C85 /* Sources */,
				2464CA5825DEB60F001F4C85 /* Frameworks */,
				2464CA5925DEB60F001F4C85 /* Resources */,
			);
			buildRules = (
			);
			dependencies = (
				2464CA5D25DEB60F001F4C85 /* PBXTargetDependency */,
			);
			name = FlixsterTests;
			productName = FlixsterTests;
			productReference = 2464CA5B25DEB60F001F4C85 /* FlixsterTests.xctest */;
			productType = "com.apple.product-type.bundle.unit-test";
		};
		2464CA6525DEB60F001F4C85 /* FlixsterUITests */ = {
			isa = PBXNativeTarget;
			buildConfigurationList = 2464CA7525DEB60F001F4C85 /* Build configuration list for PBXNativeTarget "FlixsterUITests" */;
			buildPhases = (
				E7FE70C4E93AC12F58406653 /* [CP] Check Pods Manifest.lock */,
				2464CA6225DEB60F001F4C85 /* Sources */,
				2464CA6325DEB60F001F4C85 /* Frameworks */,
				2464CA6425DEB60F001F4C85 /* Resources */,
				6C9540DE56644A5A34106CF5 /* [CP] Embed Pods Frameworks */,
			);
			buildRules = (
			);
			dependencies = (
				2464CA6825DEB60F001F4C85 /* PBXTargetDependency */,
			);
			name = FlixsterUITests;
			productName = FlixsterUITests;
			productReference = 2464CA6625DEB60F001F4C85 /* FlixsterUITests.xctest */;
			productType = "com.apple.product-type.bundle.ui-testing";
		};
/* End PBXNativeTarget section */

/* Begin PBXProject section */
		2464CA3D25DEB60C001F4C85 /* Project object */ = {
			isa = PBXProject;
			attributes = {
				LastSwiftUpdateCheck = 1240;
				LastUpgradeCheck = 1240;
				TargetAttributes = {
					2464CA4425DEB60C001F4C85 = {
						CreatedOnToolsVersion = 12.4;
					};
					2464CA5A25DEB60F001F4C85 = {
						CreatedOnToolsVersion = 12.4;
						TestTargetID = 2464CA4425DEB60C001F4C85;
					};
					2464CA6525DEB60F001F4C85 = {
						CreatedOnToolsVersion = 12.4;
						TestTargetID = 2464CA4425DEB60C001F4C85;
					};
				};
			};
			buildConfigurationList = 2464CA4025DEB60C001F4C85 /* Build configuration list for PBXProject "Flixster" */;
			compatibilityVersion = "Xcode 9.3";
			developmentRegion = en;
			hasScannedForEncodings = 0;
			knownRegions = (
				en,
				Base,
			);
			mainGroup = 2464CA3C25DEB60C001F4C85;
			productRefGroup = 2464CA4625DEB60D001F4C85 /* Products */;
			projectDirPath = "";
			projectRoot = "";
			targets = (
				2464CA4425DEB60C001F4C85 /* Flixster */,
				2464CA5A25DEB60F001F4C85 /* FlixsterTests */,
				2464CA6525DEB60F001F4C85 /* FlixsterUITests */,
			);
		};
/* End PBXProject section */

/* Begin PBXResourcesBuildPhase section */
		2464CA4325DEB60C001F4C85 /* Resources */ = {
			isa = PBXResourcesBuildPhase;
			buildActionMask = 2147483647;
			files = (
				2464CA5525DEB60F001F4C85 /* LaunchScreen.storyboard in Resources */,
				2464CA5225DEB60F001F4C85 /* Assets.xcassets in Resources */,
				2464CA5025DEB60D001F4C85 /* Main.storyboard in Resources */,
			);
			runOnlyForDeploymentPostprocessing = 0;
		};
		2464CA5925DEB60F001F4C85 /* Resources */ = {
			isa = PBXResourcesBuildPhase;
			buildActionMask = 2147483647;
			files = (
			);
			runOnlyForDeploymentPostprocessing = 0;
		};
		2464CA6425DEB60F001F4C85 /* Resources */ = {
			isa = PBXResourcesBuildPhase;
			buildActionMask = 2147483647;
			files = (
			);
			runOnlyForDeploymentPostprocessing = 0;
		};
/* End PBXResourcesBuildPhase section */

/* Begin PBXShellScriptBuildPhase section */
		27216399CA966763A337F278 /* [CP] Check Pods Manifest.lock */ = {
			isa = PBXShellScriptBuildPhase;
			buildActionMask = 2147483647;
			files = (
			);
			inputFileListPaths = (
			);
			inputPaths = (
				"${PODS_PODFILE_DIR_PATH}/Podfile.lock",
				"${PODS_ROOT}/Manifest.lock",
			);
			name = "[CP] Check Pods Manifest.lock";
			outputFileListPaths = (
			);
			outputPaths = (
				"$(DERIVED_FILE_DIR)/Pods-Flixster-checkManifestLockResult.txt",
			);
			runOnlyForDeploymentPostprocessing = 0;
			shellPath = /bin/sh;
			shellScript = "diff \"${PODS_PODFILE_DIR_PATH}/Podfile.lock\" \"${PODS_ROOT}/Manifest.lock\" > /dev/null\nif [ $? != 0 ] ; then\n    # print error to STDERR\n    echo \"error: The sandbox is not in sync with the Podfile.lock. Run 'pod install' or update your CocoaPods installation.\" >&2\n    exit 1\nfi\n# This output is used by Xcode 'outputs' to avoid re-running this script phase.\necho \"SUCCESS\" > \"${SCRIPT_OUTPUT_FILE_0}\"\n";
			showEnvVarsInLog = 0;
		};
		699DC965C68BA57525E38A20 /* [CP] Check Pods Manifest.lock */ = {
			isa = PBXShellScriptBuildPhase;
			buildActionMask = 2147483647;
			files = (
			);
			inputFileListPaths = (
			);
			inputPaths = (
				"${PODS_PODFILE_DIR_PATH}/Podfile.lock",
				"${PODS_ROOT}/Manifest.lock",
			);
			name = "[CP] Check Pods Manifest.lock";
			outputFileListPaths = (
			);
			outputPaths = (
				"$(DERIVED_FILE_DIR)/Pods-FlixsterTests-checkManifestLockResult.txt",
			);
			runOnlyForDeploymentPostprocessing = 0;
			shellPath = /bin/sh;
			shellScript = "diff \"${PODS_PODFILE_DIR_PATH}/Podfile.lock\" \"${PODS_ROOT}/Manifest.lock\" > /dev/null\nif [ $? != 0 ] ; then\n    # print error to STDERR\n    echo \"error: The sandbox is not in sync with the Podfile.lock. Run 'pod install' or update your CocoaPods installation.\" >&2\n    exit 1\nfi\n# This output is used by Xcode 'outputs' to avoid re-running this script phase.\necho \"SUCCESS\" > \"${SCRIPT_OUTPUT_FILE_0}\"\n";
			showEnvVarsInLog = 0;
		};
		6C9540DE56644A5A34106CF5 /* [CP] Embed Pods Frameworks */ = {
			isa = PBXShellScriptBuildPhase;
			buildActionMask = 2147483647;
			files = (
			);
			inputFileListPaths = (
				"${PODS_ROOT}/Target Support Files/Pods-Flixster-FlixsterUITests/Pods-Flixster-FlixsterUITests-frameworks-${CONFIGURATION}-input-files.xcfilelist",
			);
			name = "[CP] Embed Pods Frameworks";
			outputFileListPaths = (
				"${PODS_ROOT}/Target Support Files/Pods-Flixster-FlixsterUITests/Pods-Flixster-FlixsterUITests-frameworks-${CONFIGURATION}-output-files.xcfilelist",
			);
			runOnlyForDeploymentPostprocessing = 0;
			shellPath = /bin/sh;
			shellScript = "\"${PODS_ROOT}/Target Support Files/Pods-Flixster-FlixsterUITests/Pods-Flixster-FlixsterUITests-frameworks.sh\"\n";
			showEnvVarsInLog = 0;
		};
		B557A754830850D82314EE9D /* [CP] Embed Pods Frameworks */ = {
			isa = PBXShellScriptBuildPhase;
			buildActionMask = 2147483647;
			files = (
			);
			inputFileListPaths = (
				"${PODS_ROOT}/Target Support Files/Pods-Flixster/Pods-Flixster-frameworks-${CONFIGURATION}-input-files.xcfilelist",
			);
			name = "[CP] Embed Pods Frameworks";
			outputFileListPaths = (
				"${PODS_ROOT}/Target Support Files/Pods-Flixster/Pods-Flixster-frameworks-${CONFIGURATION}-output-files.xcfilelist",
			);
			runOnlyForDeploymentPostprocessing = 0;
			shellPath = /bin/sh;
			shellScript = "\"${PODS_ROOT}/Target Support Files/Pods-Flixster/Pods-Flixster-frameworks.sh\"\n";
			showEnvVarsInLog = 0;
		};
		E7FE70C4E93AC12F58406653 /* [CP] Check Pods Manifest.lock */ = {
			isa = PBXShellScriptBuildPhase;
			buildActionMask = 2147483647;
			files = (
			);
			inputFileListPaths = (
			);
			inputPaths = (
				"${PODS_PODFILE_DIR_PATH}/Podfile.lock",
				"${PODS_ROOT}/Manifest.lock",
			);
			name = "[CP] Check Pods Manifest.lock";
			outputFileListPaths = (
			);
			outputPaths = (
				"$(DERIVED_FILE_DIR)/Pods-Flixster-FlixsterUITests-checkManifestLockResult.txt",
			);
			runOnlyForDeploymentPostprocessing = 0;
			shellPath = /bin/sh;
			shellScript = "diff \"${PODS_PODFILE_DIR_PATH}/Podfile.lock\" \"${PODS_ROOT}/Manifest.lock\" > /dev/null\nif [ $? != 0 ] ; then\n    # print error to STDERR\n    echo \"error: The sandbox is not in sync with the Podfile.lock. Run 'pod install' or update your CocoaPods installation.\" >&2\n    exit 1\nfi\n# This output is used by Xcode 'outputs' to avoid re-running this script phase.\necho \"SUCCESS\" > \"${SCRIPT_OUTPUT_FILE_0}\"\n";
			showEnvVarsInLog = 0;
		};
/* End PBXShellScriptBuildPhase section */

/* Begin PBXSourcesBuildPhase section */
		2464CA4125DEB60C001F4C85 /* Sources */ = {
			isa = PBXSourcesBuildPhase;
			buildActionMask = 2147483647;
			files = (
				2459034525E941E300FAC32B /* MovieDetailsViewController.swift in Sources */,
				2464CA4925DEB60D001F4C85 /* AppDelegate.swift in Sources */,
				2464CA4B25DEB60D001F4C85 /* SceneDelegate.swift in Sources */,
				2464CA8425DF4ED7001F4C85 /* MovieCell.swift in Sources */,
				2464CA7F25DEB981001F4C85 /* MoviesViewController.swift in Sources */,
				2459034A25E9A3E200FAC32B /* MovieGridViewController.swift in Sources */,
				2459034F25E9A82800FAC32B /* MovieGridCell.swift in Sources */,
			);
			runOnlyForDeploymentPostprocessing = 0;
		};
		2464CA5725DEB60F001F4C85 /* Sources */ = {
			isa = PBXSourcesBuildPhase;
			buildActionMask = 2147483647;
			files = (
				2464CA6025DEB60F001F4C85 /* FlixsterTests.swift in Sources */,
			);
			runOnlyForDeploymentPostprocessing = 0;
		};
		2464CA6225DEB60F001F4C85 /* Sources */ = {
			isa = PBXSourcesBuildPhase;
			buildActionMask = 2147483647;
			files = (
				2464CA6B25DEB60F001F4C85 /* FlixsterUITests.swift in Sources */,
			);
			runOnlyForDeploymentPostprocessing = 0;
		};
/* End PBXSourcesBuildPhase section */

/* Begin PBXTargetDependency section */
		2464CA5D25DEB60F001F4C85 /* PBXTargetDependency */ = {
			isa = PBXTargetDependency;
			target = 2464CA4425DEB60C001F4C85 /* Flixster */;
			targetProxy = 2464CA5C25DEB60F001F4C85 /* PBXContainerItemProxy */;
		};
		2464CA6825DEB60F001F4C85 /* PBXTargetDependency */ = {
			isa = PBXTargetDependency;
			target = 2464CA4425DEB60C001F4C85 /* Flixster */;
			targetProxy = 2464CA6725DEB60F001F4C85 /* PBXContainerItemProxy */;
		};
/* End PBXTargetDependency section */

/* Begin PBXVariantGroup section */
		2464CA4E25DEB60D001F4C85 /* Main.storyboard */ = {
			isa = PBXVariantGroup;
			children = (
				2464CA4F25DEB60D001F4C85 /* Base */,
			);
			name = Main.storyboard;
			sourceTree = "<group>";
		};
		2464CA5325DEB60F001F4C85 /* LaunchScreen.storyboard */ = {
			isa = PBXVariantGroup;
			children = (
				2464CA5425DEB60F001F4C85 /* Base */,
			);
			name = LaunchScreen.storyboard;
			sourceTree = "<group>";
		};
/* End PBXVariantGroup section */

/* Begin XCBuildConfiguration section */
		2464CA6D25DEB60F001F4C85 /* Debug */ = {
			isa = XCBuildConfiguration;
			buildSettings = {
				ALWAYS_SEARCH_USER_PATHS = NO;
				CLANG_ANALYZER_NONNULL = YES;
				CLANG_ANALYZER_NUMBER_OBJECT_CONVERSION = YES_AGGRESSIVE;
				CLANG_CXX_LANGUAGE_STANDARD = "gnu++14";
				CLANG_CXX_LIBRARY = "libc++";
				CLANG_ENABLE_MODULES = YES;
				CLANG_ENABLE_OBJC_ARC = YES;
				CLANG_ENABLE_OBJC_WEAK = YES;
				CLANG_WARN_BLOCK_CAPTURE_AUTORELEASING = YES;
				CLANG_WARN_BOOL_CONVERSION = YES;
				CLANG_WARN_COMMA = YES;
				CLANG_WARN_CONSTANT_CONVERSION = YES;
				CLANG_WARN_DEPRECATED_OBJC_IMPLEMENTATIONS = YES;
				CLANG_WARN_DIRECT_OBJC_ISA_USAGE = YES_ERROR;
				CLANG_WARN_DOCUMENTATION_COMMENTS = YES;
				CLANG_WARN_EMPTY_BODY = YES;
				CLANG_WARN_ENUM_CONVERSION = YES;
				CLANG_WARN_INFINITE_RECURSION = YES;
				CLANG_WARN_INT_CONVERSION = YES;
				CLANG_WARN_NON_LITERAL_NULL_CONVERSION = YES;
				CLANG_WARN_OBJC_IMPLICIT_RETAIN_SELF = YES;
				CLANG_WARN_OBJC_LITERAL_CONVERSION = YES;
				CLANG_WARN_OBJC_ROOT_CLASS = YES_ERROR;
				CLANG_WARN_QUOTED_INCLUDE_IN_FRAMEWORK_HEADER = YES;
				CLANG_WARN_RANGE_LOOP_ANALYSIS = YES;
				CLANG_WARN_STRICT_PROTOTYPES = YES;
				CLANG_WARN_SUSPICIOUS_MOVE = YES;
				CLANG_WARN_UNGUARDED_AVAILABILITY = YES_AGGRESSIVE;
				CLANG_WARN_UNREACHABLE_CODE = YES;
				CLANG_WARN__DUPLICATE_METHOD_MATCH = YES;
				COPY_PHASE_STRIP = NO;
				DEBUG_INFORMATION_FORMAT = dwarf;
				ENABLE_STRICT_OBJC_MSGSEND = YES;
				ENABLE_TESTABILITY = YES;
				GCC_C_LANGUAGE_STANDARD = gnu11;
				GCC_DYNAMIC_NO_PIC = NO;
				GCC_NO_COMMON_BLOCKS = YES;
				GCC_OPTIMIZATION_LEVEL = 0;
				GCC_PREPROCESSOR_DEFINITIONS = (
					"DEBUG=1",
					"$(inherited)",
				);
				GCC_WARN_64_TO_32_BIT_CONVERSION = YES;
				GCC_WARN_ABOUT_RETURN_TYPE = YES_ERROR;
				GCC_WARN_UNDECLARED_SELECTOR = YES;
				GCC_WARN_UNINITIALIZED_AUTOS = YES_AGGRESSIVE;
				GCC_WARN_UNUSED_FUNCTION = YES;
				GCC_WARN_UNUSED_VARIABLE = YES;
				IPHONEOS_DEPLOYMENT_TARGET = 14.4;
				MTL_ENABLE_DEBUG_INFO = INCLUDE_SOURCE;
				MTL_FAST_MATH = YES;
				ONLY_ACTIVE_ARCH = YES;
				SDKROOT = iphoneos;
				SWIFT_ACTIVE_COMPILATION_CONDITIONS = DEBUG;
				SWIFT_OPTIMIZATION_LEVEL = "-Onone";
			};
			name = Debug;
		};
		2464CA6E25DEB60F001F4C85 /* Release */ = {
			isa = XCBuildConfiguration;
			buildSettings = {
				ALWAYS_SEARCH_USER_PATHS = NO;
				CLANG_ANALYZER_NONNULL = YES;
				CLANG_ANALYZER_NUMBER_OBJECT_CONVERSION = YES_AGGRESSIVE;
				CLANG_CXX_LANGUAGE_STANDARD = "gnu++14";
				CLANG_CXX_LIBRARY = "libc++";
				CLANG_ENABLE_MODULES = YES;
				CLANG_ENABLE_OBJC_ARC = YES;
				CLANG_ENABLE_OBJC_WEAK = YES;
				CLANG_WARN_BLOCK_CAPTURE_AUTORELEASING = YES;
				CLANG_WARN_BOOL_CONVERSION = YES;
				CLANG_WARN_COMMA = YES;
				CLANG_WARN_CONSTANT_CONVERSION = YES;
				CLANG_WARN_DEPRECATED_OBJC_IMPLEMENTATIONS = YES;
				CLANG_WARN_DIRECT_OBJC_ISA_USAGE = YES_ERROR;
				CLANG_WARN_DOCUMENTATION_COMMENTS = YES;
				CLANG_WARN_EMPTY_BODY = YES;
				CLANG_WARN_ENUM_CONVERSION = YES;
				CLANG_WARN_INFINITE_RECURSION = YES;
				CLANG_WARN_INT_CONVERSION = YES;
				CLANG_WARN_NON_LITERAL_NULL_CONVERSION = YES;
				CLANG_WARN_OBJC_IMPLICIT_RETAIN_SELF = YES;
				CLANG_WARN_OBJC_LITERAL_CONVERSION = YES;
				CLANG_WARN_OBJC_ROOT_CLASS = YES_ERROR;
				CLANG_WARN_QUOTED_INCLUDE_IN_FRAMEWORK_HEADER = YES;
				CLANG_WARN_RANGE_LOOP_ANALYSIS = YES;
				CLANG_WARN_STRICT_PROTOTYPES = YES;
				CLANG_WARN_SUSPICIOUS_MOVE = YES;
				CLANG_WARN_UNGUARDED_AVAILABILITY = YES_AGGRESSIVE;
				CLANG_WARN_UNREACHABLE_CODE = YES;
				CLANG_WARN__DUPLICATE_METHOD_MATCH = YES;
				COPY_PHASE_STRIP = NO;
				DEBUG_INFORMATION_FORMAT = "dwarf-with-dsym";
				ENABLE_NS_ASSERTIONS = NO;
				ENABLE_STRICT_OBJC_MSGSEND = YES;
				GCC_C_LANGUAGE_STANDARD = gnu11;
				GCC_NO_COMMON_BLOCKS = YES;
				GCC_WARN_64_TO_32_BIT_CONVERSION = YES;
				GCC_WARN_ABOUT_RETURN_TYPE = YES_ERROR;
				GCC_WARN_UNDECLARED_SELECTOR = YES;
				GCC_WARN_UNINITIALIZED_AUTOS = YES_AGGRESSIVE;
				GCC_WARN_UNUSED_FUNCTION = YES;
				GCC_WARN_UNUSED_VARIABLE = YES;
				IPHONEOS_DEPLOYMENT_TARGET = 14.4;
				MTL_ENABLE_DEBUG_INFO = NO;
				MTL_FAST_MATH = YES;
				SDKROOT = iphoneos;
				SWIFT_COMPILATION_MODE = wholemodule;
				SWIFT_OPTIMIZATION_LEVEL = "-O";
				VALIDATE_PRODUCT = YES;
			};
			name = Release;
		};
		2464CA7025DEB60F001F4C85 /* Debug */ = {
			isa = XCBuildConfiguration;
			baseConfigurationReference = C3AE91DC445C06944917867A /* Pods-Flixster.debug.xcconfig */;
			buildSettings = {
				ASSETCATALOG_COMPILER_APPICON_NAME = AppIcon;
				ASSETCATALOG_COMPILER_GLOBAL_ACCENT_COLOR_NAME = AccentColor;
				CODE_SIGN_STYLE = Automatic;
				INFOPLIST_FILE = Flixster/Info.plist;
				LD_RUNPATH_SEARCH_PATHS = (
					"$(inherited)",
					"@executable_path/Frameworks",
				);
				PRODUCT_BUNDLE_IDENTIFIER = caroline.hernandez36.Flixster;
				PRODUCT_NAME = "$(TARGET_NAME)";
				SWIFT_VERSION = 5.0;
				TARGETED_DEVICE_FAMILY = "1,2";
			};
			name = Debug;
		};
		2464CA7125DEB60F001F4C85 /* Release */ = {
			isa = XCBuildConfiguration;
			baseConfigurationReference = 44B2DD3A1083AE9A30B89C4E /* Pods-Flixster.release.xcconfig */;
			buildSettings = {
				ASSETCATALOG_COMPILER_APPICON_NAME = AppIcon;
				ASSETCATALOG_COMPILER_GLOBAL_ACCENT_COLOR_NAME = AccentColor;
				CODE_SIGN_STYLE = Automatic;
				INFOPLIST_FILE = Flixster/Info.plist;
				LD_RUNPATH_SEARCH_PATHS = (
					"$(inherited)",
					"@executable_path/Frameworks",
				);
				PRODUCT_BUNDLE_IDENTIFIER = caroline.hernandez36.Flixster;
				PRODUCT_NAME = "$(TARGET_NAME)";
				SWIFT_VERSION = 5.0;
				TARGETED_DEVICE_FAMILY = "1,2";
			};
			name = Release;
		};
		2464CA7325DEB60F001F4C85 /* Debug */ = {
			isa = XCBuildConfiguration;
			baseConfigurationReference = 804CD074510C7D49A1C4188F /* Pods-FlixsterTests.debug.xcconfig */;
			buildSettings = {
				ALWAYS_EMBED_SWIFT_STANDARD_LIBRARIES = YES;
				BUNDLE_LOADER = "$(TEST_HOST)";
				CODE_SIGN_STYLE = Automatic;
				INFOPLIST_FILE = FlixsterTests/Info.plist;
				IPHONEOS_DEPLOYMENT_TARGET = 14.4;
				LD_RUNPATH_SEARCH_PATHS = (
					"$(inherited)",
					"@executable_path/Frameworks",
					"@loader_path/Frameworks",
				);
				PRODUCT_BUNDLE_IDENTIFIER = caroline.hernandez36.FlixsterTests;
				PRODUCT_NAME = "$(TARGET_NAME)";
				SWIFT_VERSION = 5.0;
				TARGETED_DEVICE_FAMILY = "1,2";
				TEST_HOST = "$(BUILT_PRODUCTS_DIR)/Flixster.app/Flixster";
			};
			name = Debug;
		};
		2464CA7425DEB60F001F4C85 /* Release */ = {
			isa = XCBuildConfiguration;
			baseConfigurationReference = 2B636A820B27044CA80FEB91 /* Pods-FlixsterTests.release.xcconfig */;
			buildSettings = {
				ALWAYS_EMBED_SWIFT_STANDARD_LIBRARIES = YES;
				BUNDLE_LOADER = "$(TEST_HOST)";
				CODE_SIGN_STYLE = Automatic;
				INFOPLIST_FILE = FlixsterTests/Info.plist;
				IPHONEOS_DEPLOYMENT_TARGET = 14.4;
				LD_RUNPATH_SEARCH_PATHS = (
					"$(inherited)",
					"@executable_path/Frameworks",
					"@loader_path/Frameworks",
				);
				PRODUCT_BUNDLE_IDENTIFIER = caroline.hernandez36.FlixsterTests;
				PRODUCT_NAME = "$(TARGET_NAME)";
				SWIFT_VERSION = 5.0;
				TARGETED_DEVICE_FAMILY = "1,2";
				TEST_HOST = "$(BUILT_PRODUCTS_DIR)/Flixster.app/Flixster";
			};
			name = Release;
		};
		2464CA7625DEB60F001F4C85 /* Debug */ = {
			isa = XCBuildConfiguration;
			baseConfigurationReference = 184D37917C46F644FAD91C46 /* Pods-Flixster-FlixsterUITests.debug.xcconfig */;
			buildSettings = {
				ALWAYS_EMBED_SWIFT_STANDARD_LIBRARIES = YES;
				CODE_SIGN_STYLE = Automatic;
				INFOPLIST_FILE = FlixsterUITests/Info.plist;
				LD_RUNPATH_SEARCH_PATHS = (
					"$(inherited)",
					"@executable_path/Frameworks",
					"@loader_path/Frameworks",
				);
				PRODUCT_BUNDLE_IDENTIFIER = caroline.hernandez36.FlixsterUITests;
				PRODUCT_NAME = "$(TARGET_NAME)";
				SWIFT_VERSION = 5.0;
				TARGETED_DEVICE_FAMILY = "1,2";
				TEST_TARGET_NAME = Flixster;
			};
			name = Debug;
		};
		2464CA7725DEB60F001F4C85 /* Release */ = {
			isa = XCBuildConfiguration;
			baseConfigurationReference = 4A227874827E90C2F2463BC7 /* Pods-Flixster-FlixsterUITests.release.xcconfig */;
			buildSettings = {
				ALWAYS_EMBED_SWIFT_STANDARD_LIBRARIES = YES;
				CODE_SIGN_STYLE = Automatic;
				INFOPLIST_FILE = FlixsterUITests/Info.plist;
				LD_RUNPATH_SEARCH_PATHS = (
					"$(inherited)",
					"@executable_path/Frameworks",
					"@loader_path/Frameworks",
				);
				PRODUCT_BUNDLE_IDENTIFIER = caroline.hernandez36.FlixsterUITests;
				PRODUCT_NAME = "$(TARGET_NAME)";
				SWIFT_VERSION = 5.0;
				TARGETED_DEVICE_FAMILY = "1,2";
				TEST_TARGET_NAME = Flixster;
			};
			name = Release;
		};
/* End XCBuildConfiguration section */

/* Begin XCConfigurationList section */
		2464CA4025DEB60C001F4C85 /* Build configuration list for PBXProject "Flixster" */ = {
			isa = XCConfigurationList;
			buildConfigurations = (
				2464CA6D25DEB60F001F4C85 /* Debug */,
				2464CA6E25DEB60F001F4C85 /* Release */,
			);
			defaultConfigurationIsVisible = 0;
			defaultConfigurationName = Release;
		};
		2464CA6F25DEB60F001F4C85 /* Build configuration list for PBXNativeTarget "Flixster" */ = {
			isa = XCConfigurationList;
			buildConfigurations = (
				2464CA7025DEB60F001F4C85 /* Debug */,
				2464CA7125DEB60F001F4C85 /* Release */,
			);
			defaultConfigurationIsVisible = 0;
			defaultConfigurationName = Release;
		};
		2464CA7225DEB60F001F4C85 /* Build configuration list for PBXNativeTarget "FlixsterTests" */ = {
			isa = XCConfigurationList;
			buildConfigurations = (
				2464CA7325DEB60F001F4C85 /* Debug */,
				2464CA7425DEB60F001F4C85 /* Release */,
			);
			defaultConfigurationIsVisible = 0;
			defaultConfigurationName = Release;
		};
		2464CA7525DEB60F001F4C85 /* Build configuration list for PBXNativeTarget "FlixsterUITests" */ = {
			isa = XCConfigurationList;
			buildConfigurations = (
				2464CA7625DEB60F001F4C85 /* Debug */,
				2464CA7725DEB60F001F4C85 /* Release */,
			);
			defaultConfigurationIsVisible = 0;
			defaultConfigurationName = Release;
		};
/* End XCConfigurationList section */
	};
	rootObject = 2464CA3D25DEB60C001F4C85 /* Project object */;
}
